
Microsoft Visual Studio Solution File, Format Version 12.00
# Visual Studio 2012
Project("{FAE04EC0-301F-11D3-BF4B-00C04F79EFBC}") = "json-field", "json-field\json-field.csproj", "{F71BD97B-9925-466A-95F2-D945492C93DD}"
EndProject
Project("{FAE04EC0-301F-11D3-BF4B-00C04F79EFBC}") = "json-add", "json-add\json-add.csproj", "{2E16725A-46F1-434D-BB59-D7EF29448A55}"
EndProject
Project("{FAE04EC0-301F-11D3-BF4B-00C04F79EFBC}") = "json-pack", "json-pack\json-pack.csproj", "{8399BEB4-D044-4100-9B1C-B60B927E6B3B}"
EndProject
Project("{FAE04EC0-301F-11D3-BF4B-00C04F79EFBC}") = "json-find", "json-find\json-find.csproj", "{0E03E5D3-15F0-4744-891B-ABCAA2B2D2C8}"
EndProject
Project("{FAE04EC0-301F-11D3-BF4B-00C04F79EFBC}") = "json-flatten", "json-flatten\json-flatten.csproj", "{1197544D-A605-4B57-ABF0-23131F6DD8FD}"
EndProject
Global
	GlobalSection(SolutionConfigurationPlatforms) = preSolution
		Debug|x86 = Debug|x86
		Release|x86 = Release|x86
	EndGlobalSection
	GlobalSection(ProjectConfigurationPlatforms) = postSolution
		{0E03E5D3-15F0-4744-891B-ABCAA2B2D2C8}.Debug|x86.ActiveCfg = Debug|x86
		{0E03E5D3-15F0-4744-891B-ABCAA2B2D2C8}.Debug|x86.Build.0 = Debug|x86
		{0E03E5D3-15F0-4744-891B-ABCAA2B2D2C8}.Release|x86.ActiveCfg = Release|x86
		{0E03E5D3-15F0-4744-891B-ABCAA2B2D2C8}.Release|x86.Build.0 = Release|x86
		{1197544D-A605-4B57-ABF0-23131F6DD8FD}.Debug|x86.ActiveCfg = Debug|x86
		{1197544D-A605-4B57-ABF0-23131F6DD8FD}.Debug|x86.Build.0 = Debug|x86
		{1197544D-A605-4B57-ABF0-23131F6DD8FD}.Release|x86.ActiveCfg = Release|x86
		{1197544D-A605-4B57-ABF0-23131F6DD8FD}.Release|x86.Build.0 = Release|x86
		{2E16725A-46F1-434D-BB59-D7EF29448A55}.Debug|x86.ActiveCfg = Debug|x86
		{2E16725A-46F1-434D-BB59-D7EF29448A55}.Debug|x86.Build.0 = Debug|x86
		{2E16725A-46F1-434D-BB59-D7EF29448A55}.Release|x86.ActiveCfg = Release|x86
		{2E16725A-46F1-434D-BB59-D7EF29448A55}.Release|x86.Build.0 = Release|x86
		{8399BEB4-D044-4100-9B1C-B60B927E6B3B}.Debug|x86.ActiveCfg = Debug|x86
		{8399BEB4-D044-4100-9B1C-B60B927E6B3B}.Debug|x86.Build.0 = Debug|x86
		{8399BEB4-D044-4100-9B1C-B60B927E6B3B}.Release|x86.ActiveCfg = Release|x86
		{8399BEB4-D044-4100-9B1C-B60B927E6B3B}.Release|x86.Build.0 = Release|x86
		{F71BD97B-9925-466A-95F2-D945492C93DD}.Debug|x86.ActiveCfg = Debug|x86
		{F71BD97B-9925-466A-95F2-D945492C93DD}.Debug|x86.Build.0 = Debug|x86
		{F71BD97B-9925-466A-95F2-D945492C93DD}.Release|x86.ActiveCfg = Release|x86
		{F71BD97B-9925-466A-95F2-D945492C93DD}.Release|x86.Build.0 = Release|x86
	EndGlobalSection
EndGlobal
